
Microsoft Visual Studio Solution File, Format Version 12.00
# Visual Studio Version 16
VisualStudioVersion = 16.0.31025.194
MinimumVisualStudioVersion = 10.0.40219.1
Project("{9A19103F-16F7-4668-BE54-9A1E7A4F7556}") = "OverswingCounter", "OverswingCounter.csproj", "{EE0630A6-8988-480C-8D24-C4F532DB9063}"
EndProject
Global
	GlobalSection(SolutionConfigurationPlatforms) = preSolution
		Debug|Any CPU = Debug|Any CPU
		Release|Any CPU = Release|Any CPU
	EndGlobalSection
	GlobalSection(ProjectConfigurationPlatforms) = postSolution
		{EE0630A6-8988-480C-8D24-C4F532DB9063}.Debug|Any CPU.ActiveCfg = Debug|Any CPU
		{EE0630A6-8988-480C-8D24-C4F532DB9063}.Debug|Any CPU.Build.0 = Debug|Any CPU
		{EE0630A6-8988-480C-8D24-C4F532DB9063}.Release|Any CPU.ActiveCfg = Release|Any CPU
		{EE0630A6-8988-480C-8D24-C4F532DB9063}.Release|Any CPU.Build.0 = Release|Any CPU
	EndGlobalSection
	GlobalSection(SolutionProperties) = preSolution
		HideSolutionNode = FALSE
	EndGlobalSection
	GlobalSection(ExtensibilityGlobals) = postSolution
		SolutionGuid = {6A13FCD3-FD4D-4083-BB6B-F87FD84F920C}
	EndGlobalSection
EndGlobal
